
Microsoft Visual Studio Solution File, Format Version 12.00
# Visual Studio 15
VisualStudioVersion = 15.0.28307.421
MinimumVisualStudioVersion = 10.0.40219.1
Project("{9A19103F-16F7-4668-BE54-9A1E7A4F7556}") = "LuckyStack", "LuckyStack\LuckyStack.csproj", "{4469A417-2DDD-491A-9815-231B90B6FA7B}"
EndProject
Project("{9A19103F-16F7-4668-BE54-9A1E7A4F7556}") = "CSharp", "CSharp\CSharp.csproj", "{4C22C82D-CA5F-45B8-9096-5AF6DD450B8B}"
EndProject
Project("{9A19103F-16F7-4668-BE54-9A1E7A4F7556}") = "YuanZhan", "YuanZhan\YuanZhan.csproj", "{43C9C88C-C3B9-41BC-BF90-866E96AB072C}"
EndProject
Project("{9A19103F-16F7-4668-BE54-9A1E7A4F7556}") = "Homework", "Homework\Homework.csproj", "{90E0AE52-12E2-49D5-A956-1C809A279E6F}"
EndProject
Project("{FAE04EC0-301F-11D3-BF4B-00C04F79EFBC}") = "DrawSample", "DrawSample\DrawSample.csproj", "{4F36BBDF-BBFE-48BA-9C96-2AEFE93D1CD0}"
EndProject
Global
	GlobalSection(SolutionConfigurationPlatforms) = preSolution
		Debug|Any CPU = Debug|Any CPU
		Release|Any CPU = Release|Any CPU
	EndGlobalSection
	GlobalSection(ProjectConfigurationPlatforms) = postSolution
		{4469A417-2DDD-491A-9815-231B90B6FA7B}.Debug|Any CPU.ActiveCfg = Debug|Any CPU
		{4469A417-2DDD-491A-9815-231B90B6FA7B}.Debug|Any CPU.Build.0 = Debug|Any CPU
		{4469A417-2DDD-491A-9815-231B90B6FA7B}.Release|Any CPU.ActiveCfg = Release|Any CPU
		{4469A417-2DDD-491A-9815-231B90B6FA7B}.Release|Any CPU.Build.0 = Release|Any CPU
		{4C22C82D-CA5F-45B8-9096-5AF6DD450B8B}.Debug|Any CPU.ActiveCfg = Debug|Any CPU
		{4C22C82D-CA5F-45B8-9096-5AF6DD450B8B}.Debug|Any CPU.Build.0 = Debug|Any CPU
		{4C22C82D-CA5F-45B8-9096-5AF6DD450B8B}.Release|Any CPU.ActiveCfg = Release|Any CPU
		{4C22C82D-CA5F-45B8-9096-5AF6DD450B8B}.Release|Any CPU.Build.0 = Release|Any CPU
		{43C9C88C-C3B9-41BC-BF90-866E96AB072C}.Debug|Any CPU.ActiveCfg = Debug|Any CPU
		{43C9C88C-C3B9-41BC-BF90-866E96AB072C}.Debug|Any CPU.Build.0 = Debug|Any CPU
		{43C9C88C-C3B9-41BC-BF90-866E96AB072C}.Release|Any CPU.ActiveCfg = Release|Any CPU
		{43C9C88C-C3B9-41BC-BF90-866E96AB072C}.Release|Any CPU.Build.0 = Release|Any CPU
		{90E0AE52-12E2-49D5-A956-1C809A279E6F}.Debug|Any CPU.ActiveCfg = Debug|Any CPU
		{90E0AE52-12E2-49D5-A956-1C809A279E6F}.Debug|Any CPU.Build.0 = Debug|Any CPU
		{90E0AE52-12E2-49D5-A956-1C809A279E6F}.Release|Any CPU.ActiveCfg = Release|Any CPU
		{90E0AE52-12E2-49D5-A956-1C809A279E6F}.Release|Any CPU.Build.0 = Release|Any CPU
		{4F36BBDF-BBFE-48BA-9C96-2AEFE93D1CD0}.Debug|Any CPU.ActiveCfg = Debug|Any CPU
		{4F36BBDF-BBFE-48BA-9C96-2AEFE93D1CD0}.Debug|Any CPU.Build.0 = Debug|Any CPU
		{4F36BBDF-BBFE-48BA-9C96-2AEFE93D1CD0}.Release|Any CPU.ActiveCfg = Release|Any CPU
		{4F36BBDF-BBFE-48BA-9C96-2AEFE93D1CD0}.Release|Any CPU.Build.0 = Release|Any CPU
	EndGlobalSection
	GlobalSection(SolutionProperties) = preSolution
		HideSolutionNode = FALSE
	EndGlobalSection
	GlobalSection(ExtensibilityGlobals) = postSolution
		SolutionGuid = {931837E8-1A28-4FA9-98F8-EFAF71CC4283}
	EndGlobalSection
EndGlobal
